
Microsoft Visual Studio Solution File, Format Version 12.00
# Visual Studio Version 16
VisualStudioVersion = 16.0.29728.190
MinimumVisualStudioVersion = 10.0.40219.1
Project("{FAE04EC0-301F-11D3-BF4B-00C04F79EFBC}") = "sprinter", "sprinter.csproj", "{88BC4F5C-70EC-425B-B41F-16D1198FC337}"
EndProject
Global
	GlobalSection(SolutionConfigurationPlatforms) = preSolution
		Debug|Any CPU = Debug|Any CPU
		Release|Any CPU = Release|Any CPU
	EndGlobalSection
	GlobalSection(ProjectConfigurationPlatforms) = postSolution
		{88BC4F5C-70EC-425B-B41F-16D1198FC337}.Debug|Any CPU.ActiveCfg = Debug|Any CPU
		{88BC4F5C-70EC-425B-B41F-16D1198FC337}.Debug|Any CPU.Build.0 = Debug|Any CPU
		{88BC4F5C-70EC-425B-B41F-16D1198FC337}.Release|Any CPU.ActiveCfg = Release|Any CPU
		{88BC4F5C-70EC-425B-B41F-16D1198FC337}.Release|Any CPU.Build.0 = Release|Any CPU
	EndGlobalSection
	GlobalSection(SolutionProperties) = preSolution
		HideSolutionNode = FALSE
	EndGlobalSection
	GlobalSection(ExtensibilityGlobals) = postSolution
		SolutionGuid = {8AE82E28-FA87-411D-A75E-3AC1726F8ABD}
	EndGlobalSection
EndGlobal
